// !$*UTF8*$!
{
	archiveVersion = 1;
	classes = {
	};
	objectVersion = 77;
	objects = {

/* Begin PBXContainerItemProxy section */
		67C6BDAF2D0BE5B9000F25E5 /* PBXContainerItemProxy */ = {
			isa = PBXContainerItemProxy;
			containerPortal = 67C6BD952D0BE5B7000F25E5 /* Project object */;
			proxyType = 1;
			remoteGlobalIDString = 67C6BD9C2D0BE5B7000F25E5;
			remoteInfo = AppDock;
		};
		67C6BDB92D0BE5B9000F25E5 /* PBXContainerItemProxy */ = {
			isa = PBXContainerItemProxy;
			containerPortal = 67C6BD952D0BE5B7000F25E5 /* Project object */;
			proxyType = 1;
			remoteGlobalIDString = 67C6BD9C2D0BE5B7000F25E5;
			remoteInfo = AppDock;
		};
/* End PBXContainerItemProxy section */

/* Begin PBXFileReference section */
		67C6BD9D2D0BE5B7000F25E5 /* AppDock.app */ = {isa = PBXFileReference; explicitFileType = wrapper.application; includeInIndex = 0; path = AppDock.app; sourceTree = BUILT_PRODUCTS_DIR; };
		67C6BDAE2D0BE5B9000F25E5 /* AppDockTests.xctest */ = {isa = PBXFileReference; explicitFileType = wrapper.cfbundle; includeInIndex = 0; path = AppDockTests.xctest; sourceTree = BUILT_PRODUCTS_DIR; };
		67C6BDB82D0BE5B9000F25E5 /* AppDockUITests.xctest */ = {isa = PBXFileReference; explicitFileType = wrapper.cfbundle; includeInIndex = 0; path = AppDockUITests.xctest; sourceTree = BUILT_PRODUCTS_DIR; };
/* End PBXFileReference section */

/* Begin PBXFileSystemSynchronizedRootGroup section */
		673484FD2D20C1FD007DD6F8 /* Video */ = {
			isa = PBXFileSystemSynchronizedRootGroup;
			path = Video;
			sourceTree = "<group>";
		};
		67C6BD9F2D0BE5B7000F25E5 /* AppDock */ = {
			isa = PBXFileSystemSynchronizedRootGroup;
			path = AppDock;
			sourceTree = "<group>";
		};
		67C6BDB12D0BE5B9000F25E5 /* AppDockTests */ = {
			isa = PBXFileSystemSynchronizedRootGroup;
			path = AppDockTests;
			sourceTree = "<group>";
		};
		67C6BDBB2D0BE5B9000F25E5 /* AppDockUITests */ = {
			isa = PBXFileSystemSynchronizedRootGroup;
			path = AppDockUITests;
			sourceTree = "<group>";
		};
/* End PBXFileSystemSynchronizedRootGroup section */

/* Begin PBXFrameworksBuildPhase section */
		67C6BD9A2D0BE5B7000F25E5 /* Frameworks */ = {
			isa = PBXFrameworksBuildPhase;
			buildActionMask = 2147483647;
			files = (
			);
			runOnlyForDeploymentPostprocessing = 0;
		};
		67C6BDAB2D0BE5B9000F25E5 /* Frameworks */ = {
			isa = PBXFrameworksBuildPhase;
			buildActionMask = 2147483647;
			files = (
			);
			runOnlyForDeploymentPostprocessing = 0;
		};
		67C6BDB52D0BE5B9000F25E5 /* Frameworks */ = {
			isa = PBXFrameworksBuildPhase;
			buildActionMask = 2147483647;
			files = (
			);
			runOnlyForDeploymentPostprocessing = 0;
		};
/* End PBXFrameworksBuildPhase section */

/* Begin PBXGroup section */
		67C6BD942D0BE5B7000F25E5 = {
			isa = PBXGroup;
			children = (
				673484FD2D20C1FD007DD6F8 /* Video */,
				67C6BD9F2D0BE5B7000F25E5 /* AppDock */,
				67C6BDB12D0BE5B9000F25E5 /* AppDockTests */,
				67C6BDBB2D0BE5B9000F25E5 /* AppDockUITests */,
				67C6BD9E2D0BE5B7000F25E5 /* Products */,
			);
			sourceTree = "<group>";
		};
		67C6BD9E2D0BE5B7000F25E5 /* Products */ = {
			isa = PBXGroup;
			children = (
				67C6BD9D2D0BE5B7000F25E5 /* AppDock.app */,
				67C6BDAE2D0BE5B9000F25E5 /* AppDockTests.xctest */,
				67C6BDB82D0BE5B9000F25E5 /* AppDockUITests.xctest */,
			);
			name = Products;
			sourceTree = "<group>";
		};
/* End PBXGroup section */

/* Begin PBXNativeTarget section */
		67C6BD9C2D0BE5B7000F25E5 /* AppDock */ = {
			isa = PBXNativeTarget;
			buildConfigurationList = 67C6BDC22D0BE5B9000F25E5 /* Build configuration list for PBXNativeTarget "AppDock" */;
			buildPhases = (
				67C6BD992D0BE5B7000F25E5 /* Sources */,
				67C6BD9A2D0BE5B7000F25E5 /* Frameworks */,
				67C6BD9B2D0BE5B7000F25E5 /* Resources */,
			);
			buildRules = (
			);
			dependencies = (
			);
			fileSystemSynchronizedGroups = (
				673484FD2D20C1FD007DD6F8 /* Video */,
				67C6BD9F2D0BE5B7000F25E5 /* AppDock */,
			);
			name = AppDock;
			packageProductDependencies = (
			);
			productName = AppDock;
			productReference = 67C6BD9D2D0BE5B7000F25E5 /* AppDock.app */;
			productType = "com.apple.product-type.application";
		};
		67C6BDAD2D0BE5B9000F25E5 /* AppDockTests */ = {
			isa = PBXNativeTarget;
			buildConfigurationList = 67C6BDC52D0BE5B9000F25E5 /* Build configuration list for PBXNativeTarget "AppDockTests" */;
			buildPhases = (
				67C6BDAA2D0BE5B9000F25E5 /* Sources */,
				67C6BDAB2D0BE5B9000F25E5 /* Frameworks */,
				67C6BDAC2D0BE5B9000F25E5 /* Resources */,
			);
			buildRules = (
			);
			dependencies = (
				67C6BDB02D0BE5B9000F25E5 /* PBXTargetDependency */,
			);
			fileSystemSynchronizedGroups = (
				67C6BDB12D0BE5B9000F25E5 /* AppDockTests */,
			);
			name = AppDockTests;
			packageProductDependencies = (
			);
			productName = AppDockTests;
			productReference = 67C6BDAE2D0BE5B9000F25E5 /* AppDockTests.xctest */;
			productType = "com.apple.product-type.bundle.unit-test";
		};
		67C6BDB72D0BE5B9000F25E5 /* AppDockUITests */ = {
			isa = PBXNativeTarget;
			buildConfigurationList = 67C6BDC82D0BE5B9000F25E5 /* Build configuration list for PBXNativeTarget "AppDockUITests" */;
			buildPhases = (
				67C6BDB42D0BE5B9000F25E5 /* Sources */,
				67C6BDB52D0BE5B9000F25E5 /* Frameworks */,
				67C6BDB62D0BE5B9000F25E5 /* Resources */,
			);
			buildRules = (
			);
			dependencies = (
				67C6BDBA2D0BE5B9000F25E5 /* PBXTargetDependency */,
			);
			fileSystemSynchronizedGroups = (
				67C6BDBB2D0BE5B9000F25E5 /* AppDockUITests */,
			);
			name = AppDockUITests;
			packageProductDependencies = (
			);
			productName = AppDockUITests;
			productReference = 67C6BDB82D0BE5B9000F25E5 /* AppDockUITests.xctest */;
			productType = "com.apple.product-type.bundle.ui-testing";
		};
/* End PBXNativeTarget section */

/* Begin PBXProject section */
		67C6BD952D0BE5B7000F25E5 /* Project object */ = {
			isa = PBXProject;
			attributes = {
				BuildIndependentTargetsInParallel = 1;
				LastSwiftUpdateCheck = 1620;
				LastUpgradeCheck = 1620;
				TargetAttributes = {
					67C6BD9C2D0BE5B7000F25E5 = {
						CreatedOnToolsVersion = 16.2;
					};
					67C6BDAD2D0BE5B9000F25E5 = {
						CreatedOnToolsVersion = 16.2;
						TestTargetID = 67C6BD9C2D0BE5B7000F25E5;
					};
					67C6BDB72D0BE5B9000F25E5 = {
						CreatedOnToolsVersion = 16.2;
						TestTargetID = 67C6BD9C2D0BE5B7000F25E5;
					};
				};
			};
			buildConfigurationList = 67C6BD982D0BE5B7000F25E5 /* Build configuration list for PBXProject "AppDock" */;
			developmentRegion = en;
			hasScannedForEncodings = 0;
			knownRegions = (
				en,
			);
			mainGroup = 67C6BD942D0BE5B7000F25E5;
			minimizedProjectReferenceProxies = 1;
			preferredProjectObjectVersion = 77;
			productRefGroup = 67C6BD9E2D0BE5B7000F25E5 /* Products */;
			projectDirPath = "";
			projectRoot = "";
			targets = (
				67C6BD9C2D0BE5B7000F25E5 /* AppDock */,
				67C6BDAD2D0BE5B9000F25E5 /* AppDockTests */,
				67C6BDB72D0BE5B9000F25E5 /* AppDockUITests */,
			);
		};
/* End PBXProject section */

/* Begin PBXResourcesBuildPhase section */
		67C6BD9B2D0BE5B7000F25E5 /* Resources */ = {
			isa = PBXResourcesBuildPhase;
			buildActionMask = 2147483647;
			files = (
			);
			runOnlyForDeploymentPostprocessing = 0;
		};
		67C6BDAC2D0BE5B9000F25E5 /* Resources */ = {
			isa = PBXResourcesBuildPhase;
			buildActionMask = 2147483647;
			files = (
			);
			runOnlyForDeploymentPostprocessing = 0;
		};
		67C6BDB62D0BE5B9000F25E5 /* Resources */ = {
			isa = PBXResourcesBuildPhase;
			buildActionMask = 2147483647;
			files = (
			);
			runOnlyForDeploymentPostprocessing = 0;
		};
/* End PBXResourcesBuildPhase section */

/* Begin PBXSourcesBuildPhase section */
		67C6BD992D0BE5B7000F25E5 /* Sources */ = {
			isa = PBXSourcesBuildPhase;
			buildActionMask = 2147483647;
			files = (
			);
			runOnlyForDeploymentPostprocessing = 0;
		};
		67C6BDAA2D0BE5B9000F25E5 /* Sources */ = {
			isa = PBXSourcesBuildPhase;
			buildActionMask = 2147483647;
			files = (
			);
			runOnlyForDeploymentPostprocessing = 0;
		};
		67C6BDB42D0BE5B9000F25E5 /* Sources */ = {
			isa = PBXSourcesBuildPhase;
			buildActionMask = 2147483647;
			files = (
			);
			runOnlyForDeploymentPostprocessing = 0;
		};
/* End PBXSourcesBuildPhase section */

/* Begin PBXTargetDependency section */
		67C6BDB02D0BE5B9000F25E5 /* PBXTargetDependency */ = {
			isa = PBXTargetDependency;
			target = 67C6BD9C2D0BE5B7000F25E5 /* AppDock */;
			targetProxy = 67C6BDAF2D0BE5B9000F25E5 /* PBXContainerItemProxy */;
		};
		67C6BDBA2D0BE5B9000F25E5 /* PBXTargetDependency */ = {
			isa = PBXTargetDependency;
			target = 67C6BD9C2D0BE5B7000F25E5 /* AppDock */;
			targetProxy = 67C6BDB92D0BE5B9000F25E5 /* PBXContainerItemProxy */;
		};
/* End PBXTargetDependency section */

/* Begin XCBuildConfiguration section */
		67C6BDC02D0BE5B9000F25E5 /* Debug */ = {
			isa = XCBuildConfiguration;
			buildSettings = {
				ALWAYS_SEARCH_USER_PATHS = NO;
				ASSETCATALOG_COMPILER_GENERATE_SWIFT_ASSET_SYMBOL_EXTENSIONS = YES;
				CLANG_ANALYZER_NONNULL = YES;
				CLANG_ANALYZER_NUMBER_OBJECT_CONVERSION = YES_AGGRESSIVE;
				CLANG_CXX_LANGUAGE_STANDARD = "gnu++20";
				CLANG_ENABLE_MODULES = YES;
				CLANG_ENABLE_OBJC_ARC = YES;
				CLANG_ENABLE_OBJC_WEAK = YES;
				CLANG_WARN_BLOCK_CAPTURE_AUTORELEASING = YES;
				CLANG_WARN_BOOL_CONVERSION = YES;
				CLANG_WARN_COMMA = YES;
				CLANG_WARN_CONSTANT_CONVERSION = YES;
				CLANG_WARN_DEPRECATED_OBJC_IMPLEMENTATIONS = YES;
				CLANG_WARN_DIRECT_OBJC_ISA_USAGE = YES_ERROR;
				CLANG_WARN_DOCUMENTATION_COMMENTS = YES;
				CLANG_WARN_EMPTY_BODY = YES;
				CLANG_WARN_ENUM_CONVERSION = YES;
				CLANG_WARN_INFINITE_RECURSION = YES;
				CLANG_WARN_INT_CONVERSION = YES;
				CLANG_WARN_NON_LITERAL_NULL_CONVERSION = YES;
				CLANG_WARN_OBJC_IMPLICIT_RETAIN_SELF = YES;
				CLANG_WARN_OBJC_LITERAL_CONVERSION = YES;
				CLANG_WARN_OBJC_ROOT_CLASS = YES_ERROR;
				CLANG_WARN_QUOTED_INCLUDE_IN_FRAMEWORK_HEADER = YES;
				CLANG_WARN_RANGE_LOOP_ANALYSIS = YES;
				CLANG_WARN_STRICT_PROTOTYPES = YES;
				CLANG_WARN_SUSPICIOUS_MOVE = YES;
				CLANG_WARN_UNGUARDED_AVAILABILITY = YES_AGGRESSIVE;
				CLANG_WARN_UNREACHABLE_CODE = YES;
				CLANG_WARN__DUPLICATE_METHOD_MATCH = YES;
				COPY_PHASE_STRIP = NO;
				DEBUG_INFORMATION_FORMAT = dwarf;
				ENABLE_STRICT_OBJC_MSGSEND = YES;
				ENABLE_TESTABILITY = YES;
				ENABLE_USER_SCRIPT_SANDBOXING = YES;
				GCC_C_LANGUAGE_STANDARD = gnu17;
				GCC_DYNAMIC_NO_PIC = NO;
				GCC_NO_COMMON_BLOCKS = YES;
				GCC_OPTIMIZATION_LEVEL = 0;
				GCC_PREPROCESSOR_DEFINITIONS = (
					"DEBUG=1",
					"$(inherited)",
				);
				GCC_WARN_64_TO_32_BIT_CONVERSION = YES;
				GCC_WARN_ABOUT_RETURN_TYPE = YES_ERROR;
				GCC_WARN_UNDECLARED_SELECTOR = YES;
				GCC_WARN_UNINITIALIZED_AUTOS = YES_AGGRESSIVE;
				GCC_WARN_UNUSED_FUNCTION = YES;
				GCC_WARN_UNUSED_VARIABLE = YES;
				LOCALIZATION_PREFERS_STRING_CATALOGS = YES;
				MACOSX_DEPLOYMENT_TARGET = 15.1;
				MTL_ENABLE_DEBUG_INFO = INCLUDE_SOURCE;
				MTL_FAST_MATH = YES;
				ONLY_ACTIVE_ARCH = YES;
				SDKROOT = macosx;
				SWIFT_ACTIVE_COMPILATION_CONDITIONS = "DEBUG $(inherited)";
				SWIFT_OPTIMIZATION_LEVEL = "-Onone";
			};
			name = Debug;
		};
		67C6BDC12D0BE5B9000F25E5 /* Release */ = {
			isa = XCBuildConfiguration;
			buildSettings = {
				ALWAYS_SEARCH_USER_PATHS = NO;
				ASSETCATALOG_COMPILER_GENERATE_SWIFT_ASSET_SYMBOL_EXTENSIONS = YES;
				CLANG_ANALYZER_NONNULL = YES;
				CLANG_ANALYZER_NUMBER_OBJECT_CONVERSION = YES_AGGRESSIVE;
				CLANG_CXX_LANGUAGE_STANDARD = "gnu++20";
				CLANG_ENABLE_MODULES = YES;
				CLANG_ENABLE_OBJC_ARC = YES;
				CLANG_ENABLE_OBJC_WEAK = YES;
				CLANG_WARN_BLOCK_CAPTURE_AUTORELEASING = YES;
				CLANG_WARN_BOOL_CONVERSION = YES;
				CLANG_WARN_COMMA = YES;
				CLANG_WARN_CONSTANT_CONVERSION = YES;
				CLANG_WARN_DEPRECATED_OBJC_IMPLEMENTATIONS = YES;
				CLANG_WARN_DIRECT_OBJC_ISA_USAGE = YES_ERROR;
				CLANG_WARN_DOCUMENTATION_COMMENTS = YES;
				CLANG_WARN_EMPTY_BODY = YES;
				CLANG_WARN_ENUM_CONVERSION = YES;
				CLANG_WARN_INFINITE_RECURSION = YES;
				CLANG_WARN_INT_CONVERSION = YES;
				CLANG_WARN_NON_LITERAL_NULL_CONVERSION = YES;
				CLANG_WARN_OBJC_IMPLICIT_RETAIN_SELF = YES;
				CLANG_WARN_OBJC_LITERAL_CONVERSION = YES;
				CLANG_WARN_OBJC_ROOT_CLASS = YES_ERROR;
				CLANG_WARN_QUOTED_INCLUDE_IN_FRAMEWORK_HEADER = YES;
				CLANG_WARN_RANGE_LOOP_ANALYSIS = YES;
				CLANG_WARN_STRICT_PROTOTYPES = YES;
				CLANG_WARN_SUSPICIOUS_MOVE = YES;
				CLANG_WARN_UNGUARDED_AVAILABILITY = YES_AGGRESSIVE;
				CLANG_WARN_UNREACHABLE_CODE = YES;
				CLANG_WARN__DUPLICATE_METHOD_MATCH = YES;
				COPY_PHASE_STRIP = NO;
				DEBUG_INFORMATION_FORMAT = "dwarf-with-dsym";
				ENABLE_NS_ASSERTIONS = NO;
				ENABLE_STRICT_OBJC_MSGSEND = YES;
				ENABLE_USER_SCRIPT_SANDBOXING = YES;
				GCC_C_LANGUAGE_STANDARD = gnu17;
				GCC_NO_COMMON_BLOCKS = YES;
				GCC_WARN_64_TO_32_BIT_CONVERSION = YES;
				GCC_WARN_ABOUT_RETURN_TYPE = YES_ERROR;
				GCC_WARN_UNDECLARED_SELECTOR = YES;
				GCC_WARN_UNINITIALIZED_AUTOS = YES_AGGRESSIVE;
				GCC_WARN_UNUSED_FUNCTION = YES;
				GCC_WARN_UNUSED_VARIABLE = YES;
				LOCALIZATION_PREFERS_STRING_CATALOGS = YES;
				MACOSX_DEPLOYMENT_TARGET = 15.1;
				MTL_ENABLE_DEBUG_INFO = NO;
				MTL_FAST_MATH = YES;
				SDKROOT = macosx;
				SWIFT_COMPILATION_MODE = wholemodule;
			};
			name = Release;
		};
		67C6BDC32D0BE5B9000F25E5 /* Debug */ = {
			isa = XCBuildConfiguration;
			buildSettings = {
				ASSETCATALOG_COMPILER_APPICON_NAME = AppIcon;
				ASSETCATALOG_COMPILER_GLOBAL_ACCENT_COLOR_NAME = AccentColor;
				CODE_SIGN_ENTITLEMENTS = AppDock/AppDock.entitlements;
				CODE_SIGN_STYLE = Automatic;
				COMBINE_HIDPI_IMAGES = YES;
				CURRENT_PROJECT_VERSION = 1;
				DEVELOPMENT_ASSET_PATHS = "\"AppDock/Preview Content\"";
				DEVELOPMENT_TEAM = 8V2HX47D44;
				ENABLE_HARDENED_RUNTIME = YES;
				ENABLE_PREVIEWS = YES;
				GENERATE_INFOPLIST_FILE = YES;
				INFOPLIST_KEY_LSApplicationCategoryType = "public.app-category.productivity";
				INFOPLIST_KEY_LSUIElement = YES;
				INFOPLIST_KEY_NSHumanReadableCopyright = "";
				LD_RUNPATH_SEARCH_PATHS = (
					"$(inherited)",
					"@executable_path/../Frameworks",
				);
				MACOSX_DEPLOYMENT_TARGET = 15.0;
				MARKETING_VERSION = 1.0;
				PRODUCT_BUNDLE_IDENTIFIER = com.jaredM.AppDock;
				PRODUCT_NAME = "$(TARGET_NAME)";
				SWIFT_EMIT_LOC_STRINGS = YES;
				SWIFT_VERSION = 5.0;
			};
			name = Debug;
		};
		67C6BDC42D0BE5B9000F25E5 /* Release */ = {
			isa = XCBuildConfiguration;
			buildSettings = {
				ASSETCATALOG_COMPILER_APPICON_NAME = AppIcon;
				ASSETCATALOG_COMPILER_GLOBAL_ACCENT_COLOR_NAME = AccentColor;
				CODE_SIGN_ENTITLEMENTS = AppDock/AppDock.entitlements;
				CODE_SIGN_STYLE = Automatic;
				COMBINE_HIDPI_IMAGES = YES;
				CURRENT_PROJECT_VERSION = 1;
				DEVELOPMENT_ASSET_PATHS = "\"AppDock/Preview Content\"";
				DEVELOPMENT_TEAM = 8V2HX47D44;
				ENABLE_HARDENED_RUNTIME = YES;
				ENABLE_PREVIEWS = YES;
				GENERATE_INFOPLIST_FILE = YES;
				INFOPLIST_KEY_LSApplicationCategoryType = "public.app-category.productivity";
				INFOPLIST_KEY_LSUIElement = YES;
				INFOPLIST_KEY_NSHumanReadableCopyright = "";
				LD_RUNPATH_SEARCH_PATHS = (
					"$(inherited)",
					"@executable_path/../Frameworks",
				);
				MACOSX_DEPLOYMENT_TARGET = 15.0;
				MARKETING_VERSION = 1.0;
				PRODUCT_BUNDLE_IDENTIFIER = com.jaredM.AppDock;
				PRODUCT_NAME = "$(TARGET_NAME)";
				SWIFT_EMIT_LOC_STRINGS = YES;
				SWIFT_VERSION = 5.0;
			};
			name = Release;
		};
		67C6BDC62D0BE5B9000F25E5 /* Debug */ = {
			isa = XCBuildConfiguration;
			buildSettings = {
				BUNDLE_LOADER = "$(TEST_HOST)";
				CODE_SIGN_STYLE = Automatic;
				CURRENT_PROJECT_VERSION = 1;
				DEVELOPMENT_TEAM = 8V2HX47D44;
				GENERATE_INFOPLIST_FILE = YES;
				MACOSX_DEPLOYMENT_TARGET = 15.1;
				MARKETING_VERSION = 1.0;
				PRODUCT_BUNDLE_IDENTIFIER = com.jaredM.AppDockTests;
				PRODUCT_NAME = "$(TARGET_NAME)";
				SWIFT_EMIT_LOC_STRINGS = NO;
				SWIFT_VERSION = 5.0;
				TEST_HOST = "$(BUILT_PRODUCTS_DIR)/AppDock.app/$(BUNDLE_EXECUTABLE_FOLDER_PATH)/AppDock";
			};
			name = Debug;
		};
		67C6BDC72D0BE5B9000F25E5 /* Release */ = {
			isa = XCBuildConfiguration;
			buildSettings = {
				BUNDLE_LOADER = "$(TEST_HOST)";
				CODE_SIGN_STYLE = Automatic;
				CURRENT_PROJECT_VERSION = 1;
				DEVELOPMENT_TEAM = 8V2HX47D44;
				GENERATE_INFOPLIST_FILE = YES;
				MACOSX_DEPLOYMENT_TARGET = 15.1;
				MARKETING_VERSION = 1.0;
				PRODUCT_BUNDLE_IDENTIFIER = com.jaredM.AppDockTests;
				PRODUCT_NAME = "$(TARGET_NAME)";
				SWIFT_EMIT_LOC_STRINGS = NO;
				SWIFT_VERSION = 5.0;
				TEST_HOST = "$(BUILT_PRODUCTS_DIR)/AppDock.app/$(BUNDLE_EXECUTABLE_FOLDER_PATH)/AppDock";
			};
			name = Release;
		};
		67C6BDC92D0BE5B9000F25E5 /* Debug */ = {
			isa = XCBuildConfiguration;
			buildSettings = {
				CODE_SIGN_STYLE = Automatic;
				CURRENT_PROJECT_VERSION = 1;
				DEVELOPMENT_TEAM = 8V2HX47D44;
				GENERATE_INFOPLIST_FILE = YES;
				MARKETING_VERSION = 1.0;
				PRODUCT_BUNDLE_IDENTIFIER = com.jaredM.AppDockUITests;
				PRODUCT_NAME = "$(TARGET_NAME)";
				SWIFT_EMIT_LOC_STRINGS = NO;
				SWIFT_VERSION = 5.0;
				TEST_TARGET_NAME = AppDock;
			};
			name = Debug;
		};
		67C6BDCA2D0BE5B9000F25E5 /* Release */ = {
			isa = XCBuildConfiguration;
			buildSettings = {
				CODE_SIGN_STYLE = Automatic;
				CURRENT_PROJECT_VERSION = 1;
				DEVELOPMENT_TEAM = 8V2HX47D44;
				GENERATE_INFOPLIST_FILE = YES;
				MARKETING_VERSION = 1.0;
				PRODUCT_BUNDLE_IDENTIFIER = com.jaredM.AppDockUITests;
				PRODUCT_NAME = "$(TARGET_NAME)";
				SWIFT_EMIT_LOC_STRINGS = NO;
				SWIFT_VERSION = 5.0;
				TEST_TARGET_NAME = AppDock;
			};
			name = Release;
		};
/* End XCBuildConfiguration section */

/* Begin XCConfigurationList section */
		67C6BD982D0BE5B7000F25E5 /* Build configuration list for PBXProject "AppDock" */ = {
			isa = XCConfigurationList;
			buildConfigurations = (
				67C6BDC02D0BE5B9000F25E5 /* Debug */,
				67C6BDC12D0BE5B9000F25E5 /* Release */,
			);
			defaultConfigurationIsVisible = 0;
			defaultConfigurationName = Release;
		};
		67C6BDC22D0BE5B9000F25E5 /* Build configuration list for PBXNativeTarget "AppDock" */ = {
			isa = XCConfigurationList;
			buildConfigurations = (
				67C6BDC32D0BE5B9000F25E5 /* Debug */,
				67C6BDC42D0BE5B9000F25E5 /* Release */,
			);
			defaultConfigurationIsVisible = 0;
			defaultConfigurationName = Release;
		};
		67C6BDC52D0BE5B9000F25E5 /* Build configuration list for PBXNativeTarget "AppDockTests" */ = {
			isa = XCConfigurationList;
			buildConfigurations = (
				67C6BDC62D0BE5B9000F25E5 /* Debug */,
				67C6BDC72D0BE5B9000F25E5 /* Release */,
			);
			defaultConfigurationIsVisible = 0;
			defaultConfigurationName = Release;
		};
		67C6BDC82D0BE5B9000F25E5 /* Build configuration list for PBXNativeTarget "AppDockUITests" */ = {
			isa = XCConfigurationList;
			buildConfigurations = (
				67C6BDC92D0BE5B9000F25E5 /* Debug */,
				67C6BDCA2D0BE5B9000F25E5 /* Release */,
			);
			defaultConfigurationIsVisible = 0;
			defaultConfigurationName = Release;
		};
/* End XCConfigurationList section */
	};
	rootObject = 67C6BD952D0BE5B7000F25E5 /* Project object */;
}
